
Microsoft Visual Studio Solution File, Format Version 12.00
# Visual Studio Version 16
VisualStudioVersion = 16.0.29519.87
MinimumVisualStudioVersion = 10.0.40219.1
Project("{FAE04EC0-301F-11D3-BF4B-00C04F79EFBC}") = "WeatherApplicationTest", "WeatherApplicationTest\WeatherApplicationTest.csproj", "{2B186F74-E1D0-489A-B705-C13DFC4CE5A4}"
EndProject
Global
	GlobalSection(SolutionConfigurationPlatforms) = preSolution
		Debug|Any CPU = Debug|Any CPU
		Release|Any CPU = Release|Any CPU
	EndGlobalSection
	GlobalSection(ProjectConfigurationPlatforms) = postSolution
		{2B186F74-E1D0-489A-B705-C13DFC4CE5A4}.Debug|Any CPU.ActiveCfg = Debug|Any CPU
		{2B186F74-E1D0-489A-B705-C13DFC4CE5A4}.Debug|Any CPU.Build.0 = Debug|Any CPU
		{2B186F74-E1D0-489A-B705-C13DFC4CE5A4}.Release|Any CPU.ActiveCfg = Release|Any CPU
		{2B186F74-E1D0-489A-B705-C13DFC4CE5A4}.Release|Any CPU.Build.0 = Release|Any CPU
	EndGlobalSection
	GlobalSection(SolutionProperties) = preSolution
		HideSolutionNode = FALSE
	EndGlobalSection
	GlobalSection(ExtensibilityGlobals) = postSolution
		SolutionGuid = {3DD1660C-1144-49E7-9C71-EA6B0629A0A1}
	EndGlobalSection
EndGlobal
